
Microsoft Visual Studio Solution File, Format Version 12.00
# Visual Studio Version 17
VisualStudioVersion = 17.8.34525.116
MinimumVisualStudioVersion = 10.0.40219.1
Project("{9A19103F-16F7-4668-BE54-9A1E7A4F7556}") = "SimpleDriveApp", "SimpleDriveApp.csproj", "{1CD5B463-63E1-4856-87B7-9288A158103B}"
EndProject
Global
	GlobalSection(SolutionConfigurationPlatforms) = preSolution
		Debug|Any CPU = Debug|Any CPU
		Release|Any CPU = Release|Any CPU
	EndGlobalSection
	GlobalSection(ProjectConfigurationPlatforms) = postSolution
		{1CD5B463-63E1-4856-87B7-9288A158103B}.Debug|Any CPU.ActiveCfg = Debug|Any CPU
		{1CD5B463-63E1-4856-87B7-9288A158103B}.Debug|Any CPU.Build.0 = Debug|Any CPU
		{1CD5B463-63E1-4856-87B7-9288A158103B}.Release|Any CPU.ActiveCfg = Release|Any CPU
		{1CD5B463-63E1-4856-87B7-9288A158103B}.Release|Any CPU.Build.0 = Release|Any CPU
	EndGlobalSection
	GlobalSection(SolutionProperties) = preSolution
		HideSolutionNode = FALSE
	EndGlobalSection
	GlobalSection(ExtensibilityGlobals) = postSolution
		SolutionGuid = {26BB7245-2DE7-463A-BA6E-5D25DA69E1D7}
	EndGlobalSection
EndGlobal
